
Microsoft Visual Studio Solution File, Format Version 12.00
# Visual Studio Version 16
VisualStudioVersion = 16.0.30804.86
MinimumVisualStudioVersion = 10.0.40219.1
Project("{FAE04EC0-301F-11D3-BF4B-00C04F79EFBC}") = "ClientCFC-P4-125", "ClientCFC-P4-125.csproj", "{EA1B2DA6-2C6B-4F1C-87F0-FF50A547AA1A}"
EndProject
Global
	GlobalSection(SolutionConfigurationPlatforms) = preSolution
		Debug|Any CPU = Debug|Any CPU
		Release|Any CPU = Release|Any CPU
	EndGlobalSection
	GlobalSection(ProjectConfigurationPlatforms) = postSolution
		{EA1B2DA6-2C6B-4F1C-87F0-FF50A547AA1A}.Debug|Any CPU.ActiveCfg = Debug|Any CPU
		{EA1B2DA6-2C6B-4F1C-87F0-FF50A547AA1A}.Debug|Any CPU.Build.0 = Debug|Any CPU
		{EA1B2DA6-2C6B-4F1C-87F0-FF50A547AA1A}.Release|Any CPU.ActiveCfg = Release|Any CPU
		{EA1B2DA6-2C6B-4F1C-87F0-FF50A547AA1A}.Release|Any CPU.Build.0 = Release|Any CPU
	EndGlobalSection
	GlobalSection(SolutionProperties) = preSolution
		HideSolutionNode = FALSE
	EndGlobalSection
	GlobalSection(ExtensibilityGlobals) = postSolution
		SolutionGuid = {BD9A1973-C862-474F-B05F-718030646E95}
	EndGlobalSection
EndGlobal
